
Microsoft Visual Studio Solution File, Format Version 12.00
# Visual Studio 15
VisualStudioVersion = 15.0.28307.779
MinimumVisualStudioVersion = 10.0.40219.1
Project("{FAE04EC0-301F-11D3-BF4B-00C04F79EFBC}") = "Libary MVP", "Libary MVP\Libary MVP.csproj", "{CC05FDB7-D368-4D2F-AEAA-C57B1CA16C57}"
EndProject
Global
	GlobalSection(SolutionConfigurationPlatforms) = preSolution
		Debug|Any CPU = Debug|Any CPU
		Release|Any CPU = Release|Any CPU
	EndGlobalSection
	GlobalSection(ProjectConfigurationPlatforms) = postSolution
		{CC05FDB7-D368-4D2F-AEAA-C57B1CA16C57}.Debug|Any CPU.ActiveCfg = Debug|Any CPU
		{CC05FDB7-D368-4D2F-AEAA-C57B1CA16C57}.Debug|Any CPU.Build.0 = Debug|Any CPU
		{CC05FDB7-D368-4D2F-AEAA-C57B1CA16C57}.Release|Any CPU.ActiveCfg = Release|Any CPU
		{CC05FDB7-D368-4D2F-AEAA-C57B1CA16C57}.Release|Any CPU.Build.0 = Release|Any CPU
	EndGlobalSection
	GlobalSection(SolutionProperties) = preSolution
		HideSolutionNode = FALSE
	EndGlobalSection
	GlobalSection(ExtensibilityGlobals) = postSolution
		SolutionGuid = {10F59962-43A0-41E4-95D6-D1FC5A69C0A9}
	EndGlobalSection
EndGlobal
